
Microsoft Visual Studio Solution File, Format Version 12.00
# Visual Studio Version 17
VisualStudioVersion = 17.13.35806.99 d17.13
MinimumVisualStudioVersion = 10.0.40219.1
Project("{8BC9CEB8-8B4A-11D0-8D11-00A0C91BC942}") = "CS362-Project2", "CS362-Project2\CS362-Project2.vcxproj", "{A5D1CC7B-0E7C-4789-AF94-DB81122240F3}"
EndProject
Global
	GlobalSection(SolutionConfigurationPlatforms) = preSolution
		Debug|x64 = Debug|x64
		Debug|x86 = Debug|x86
		Release|x64 = Release|x64
		Release|x86 = Release|x86
	EndGlobalSection
	GlobalSection(ProjectConfigurationPlatforms) = postSolution
		{A5D1CC7B-0E7C-4789-AF94-DB81122240F3}.Debug|x64.ActiveCfg = Debug|x64
		{A5D1CC7B-0E7C-4789-AF94-DB81122240F3}.Debug|x64.Build.0 = Debug|x64
		{A5D1CC7B-0E7C-4789-AF94-DB81122240F3}.Debug|x86.ActiveCfg = Debug|Win32
		{A5D1CC7B-0E7C-4789-AF94-DB81122240F3}.Debug|x86.Build.0 = Debug|Win32
		{A5D1CC7B-0E7C-4789-AF94-DB81122240F3}.Release|x64.ActiveCfg = Release|x64
		{A5D1CC7B-0E7C-4789-AF94-DB81122240F3}.Release|x64.Build.0 = Release|x64
		{A5D1CC7B-0E7C-4789-AF94-DB81122240F3}.Release|x86.ActiveCfg = Release|Win32
		{A5D1CC7B-0E7C-4789-AF94-DB81122240F3}.Release|x86.Build.0 = Release|Win32
	EndGlobalSection
	GlobalSection(SolutionProperties) = preSolution
		HideSolutionNode = FALSE
	EndGlobalSection
	GlobalSection(ExtensibilityGlobals) = postSolution
		SolutionGuid = {402DBB0D-8C9D-4940-82F4-AE20A80EC1E3}
	EndGlobalSection
EndGlobal
